
Microsoft Visual Studio Solution File, Format Version 12.00
Project("{2150E333-8FDC-42A3-9474-1A3956D46DE8}") = "Presentation", "Presentation", "{05D096B9-F474-42B7-BE08-F6658F681670}"
EndProject
Project("{FAE04EC0-301F-11D3-BF4B-00C04F79EFBC}") = "TeamHost.Web", "TeamHost.Web\TeamHost.Web.csproj", "{F616EAF2-262D-4F70-B961-3310514ECE63}"
EndProject
Global
	GlobalSection(SolutionConfigurationPlatforms) = preSolution
		Debug|Any CPU = Debug|Any CPU
		Release|Any CPU = Release|Any CPU
	EndGlobalSection
	GlobalSection(NestedProjects) = preSolution
		{F616EAF2-262D-4F70-B961-3310514ECE63} = {05D096B9-F474-42B7-BE08-F6658F681670}
	EndGlobalSection
	GlobalSection(ProjectConfigurationPlatforms) = postSolution
		{F616EAF2-262D-4F70-B961-3310514ECE63}.Debug|Any CPU.ActiveCfg = Debug|Any CPU
		{F616EAF2-262D-4F70-B961-3310514ECE63}.Debug|Any CPU.Build.0 = Debug|Any CPU
		{F616EAF2-262D-4F70-B961-3310514ECE63}.Release|Any CPU.ActiveCfg = Release|Any CPU
		{F616EAF2-262D-4F70-B961-3310514ECE63}.Release|Any CPU.Build.0 = Release|Any CPU
	EndGlobalSection
EndGlobal
