
Microsoft Visual Studio Solution File, Format Version 12.00
Project("{2150E333-8FDC-42A3-9474-1A3956D46DE8}") = "Presentation", "Presentation", "{05D096B9-F474-42B7-BE08-F6658F681670}"
EndProject
Project("{FAE04EC0-301F-11D3-BF4B-00C04F79EFBC}") = "TeamHost.Web", "TeamHost.Web\TeamHost.Web.csproj", "{F616EAF2-262D-4F70-B961-3310514ECE63}"
EndProject
Project("{2150E333-8FDC-42A3-9474-1A3956D46DE8}") = "Core", "Core", "{6D8F8E86-7F2C-4E92-889C-B8B8027CB535}"
EndProject
Project("{2150E333-8FDC-42A3-9474-1A3956D46DE8}") = "Shared", "Shared", "{7AAFA03B-AFAC-4751-B00C-C83FFDAF6E3F}"
EndProject
Project("{2150E333-8FDC-42A3-9474-1A3956D46DE8}") = "Infrastructure", "Infrastructure", "{37E52543-7D2D-4281-ADD8-656855947DE3}"
EndProject
Project("{FAE04EC0-301F-11D3-BF4B-00C04F79EFBC}") = "TeamHost.Application", "TeamHost.Application\TeamHost.Application.csproj", "{2F25BA40-A6DC-4E44-B6D4-5ED2068A47B8}"
EndProject
Project("{FAE04EC0-301F-11D3-BF4B-00C04F79EFBC}") = "TeamHost.Domain", "TeamHost.Domain\TeamHost.Domain.csproj", "{0B086DA8-948E-47D2-8334-D14B696D037E}"
EndProject
Project("{FAE04EC0-301F-11D3-BF4B-00C04F79EFBC}") = "TeamHost.Persistence", "TeamHost.Persistence\TeamHost.Persistence.csproj", "{E2395296-7572-4BED-87F2-2EDAFB1B33AB}"
EndProject
Project("{FAE04EC0-301F-11D3-BF4B-00C04F79EFBC}") = "TeamHost.Infrastructure", "TeamHost.Infrastructure\TeamHost.Infrastructure.csproj", "{07CFE0FE-94F7-4044-821B-8C487C9BD12A}"
EndProject
Project("{FAE04EC0-301F-11D3-BF4B-00C04F79EFBC}") = "TeamHost.Shared", "TeamHost.Shared\TeamHost.Shared.csproj", "{95D1E600-9FB5-4030-8211-1532098B677A}"
EndProject
Global
	GlobalSection(SolutionConfigurationPlatforms) = preSolution
		Debug|Any CPU = Debug|Any CPU
		Release|Any CPU = Release|Any CPU
	EndGlobalSection
	GlobalSection(NestedProjects) = preSolution
		{F616EAF2-262D-4F70-B961-3310514ECE63} = {05D096B9-F474-42B7-BE08-F6658F681670}
		{2F25BA40-A6DC-4E44-B6D4-5ED2068A47B8} = {6D8F8E86-7F2C-4E92-889C-B8B8027CB535}
		{0B086DA8-948E-47D2-8334-D14B696D037E} = {6D8F8E86-7F2C-4E92-889C-B8B8027CB535}
		{E2395296-7572-4BED-87F2-2EDAFB1B33AB} = {37E52543-7D2D-4281-ADD8-656855947DE3}
		{07CFE0FE-94F7-4044-821B-8C487C9BD12A} = {37E52543-7D2D-4281-ADD8-656855947DE3}
		{95D1E600-9FB5-4030-8211-1532098B677A} = {7AAFA03B-AFAC-4751-B00C-C83FFDAF6E3F}
	EndGlobalSection
	GlobalSection(ProjectConfigurationPlatforms) = postSolution
		{F616EAF2-262D-4F70-B961-3310514ECE63}.Debug|Any CPU.ActiveCfg = Debug|Any CPU
		{F616EAF2-262D-4F70-B961-3310514ECE63}.Debug|Any CPU.Build.0 = Debug|Any CPU
		{F616EAF2-262D-4F70-B961-3310514ECE63}.Release|Any CPU.ActiveCfg = Release|Any CPU
		{F616EAF2-262D-4F70-B961-3310514ECE63}.Release|Any CPU.Build.0 = Release|Any CPU
		{2F25BA40-A6DC-4E44-B6D4-5ED2068A47B8}.Debug|Any CPU.ActiveCfg = Debug|Any CPU
		{2F25BA40-A6DC-4E44-B6D4-5ED2068A47B8}.Debug|Any CPU.Build.0 = Debug|Any CPU
		{2F25BA40-A6DC-4E44-B6D4-5ED2068A47B8}.Release|Any CPU.ActiveCfg = Release|Any CPU
		{2F25BA40-A6DC-4E44-B6D4-5ED2068A47B8}.Release|Any CPU.Build.0 = Release|Any CPU
		{0B086DA8-948E-47D2-8334-D14B696D037E}.Debug|Any CPU.ActiveCfg = Debug|Any CPU
		{0B086DA8-948E-47D2-8334-D14B696D037E}.Debug|Any CPU.Build.0 = Debug|Any CPU
		{0B086DA8-948E-47D2-8334-D14B696D037E}.Release|Any CPU.ActiveCfg = Release|Any CPU
		{0B086DA8-948E-47D2-8334-D14B696D037E}.Release|Any CPU.Build.0 = Release|Any CPU
		{E2395296-7572-4BED-87F2-2EDAFB1B33AB}.Debug|Any CPU.ActiveCfg = Debug|Any CPU
		{E2395296-7572-4BED-87F2-2EDAFB1B33AB}.Debug|Any CPU.Build.0 = Debug|Any CPU
		{E2395296-7572-4BED-87F2-2EDAFB1B33AB}.Release|Any CPU.ActiveCfg = Release|Any CPU
		{E2395296-7572-4BED-87F2-2EDAFB1B33AB}.Release|Any CPU.Build.0 = Release|Any CPU
		{07CFE0FE-94F7-4044-821B-8C487C9BD12A}.Debug|Any CPU.ActiveCfg = Debug|Any CPU
		{07CFE0FE-94F7-4044-821B-8C487C9BD12A}.Debug|Any CPU.Build.0 = Debug|Any CPU
		{07CFE0FE-94F7-4044-821B-8C487C9BD12A}.Release|Any CPU.ActiveCfg = Release|Any CPU
		{07CFE0FE-94F7-4044-821B-8C487C9BD12A}.Release|Any CPU.Build.0 = Release|Any CPU
		{95D1E600-9FB5-4030-8211-1532098B677A}.Debug|Any CPU.ActiveCfg = Debug|Any CPU
		{95D1E600-9FB5-4030-8211-1532098B677A}.Debug|Any CPU.Build.0 = Debug|Any CPU
		{95D1E600-9FB5-4030-8211-1532098B677A}.Release|Any CPU.ActiveCfg = Release|Any CPU
		{95D1E600-9FB5-4030-8211-1532098B677A}.Release|Any CPU.Build.0 = Release|Any CPU
	EndGlobalSection
EndGlobal
